// !$*UTF8*$!
{
	archiveVersion = 1;
	classes = {
	};
	objectVersion = 50;
	objects = {

/* Begin PBXBuildFile section */
		1A2566832292C27B006E4E02 /* Themes.swift in Sources */ = {isa = PBXBuildFile; fileRef = 1A2566822292C27B006E4E02 /* Themes.swift */; };
		1A65BCDE228D7B58004E969B /* AppDelegate.swift in Sources */ = {isa = PBXBuildFile; fileRef = 1A65BCDD228D7B58004E969B /* AppDelegate.swift */; };
		1A65BCE3228D7B58004E969B /* Main.storyboard in Resources */ = {isa = PBXBuildFile; fileRef = 1A65BCE1228D7B58004E969B /* Main.storyboard */; };
		1A65BCE5228D7B59004E969B /* Assets.xcassets in Resources */ = {isa = PBXBuildFile; fileRef = 1A65BCE4228D7B59004E969B /* Assets.xcassets */; };
		1A65BCE8228D7B59004E969B /* LaunchScreen.storyboard in Resources */ = {isa = PBXBuildFile; fileRef = 1A65BCE6228D7B59004E969B /* LaunchScreen.storyboard */; };
		1A65BCF3228D7B5A004E969B /* ConcentrationTests.swift in Sources */ = {isa = PBXBuildFile; fileRef = 1A65BCF2228D7B5A004E969B /* ConcentrationTests.swift */; };
		1A65BD00228D8CCA004E969B /* ConcentrationGameViewController.swift in Sources */ = {isa = PBXBuildFile; fileRef = 1A65BCFF228D8CCA004E969B /* ConcentrationGameViewController.swift */; };
		1A65BD06228D9A04004E969B /* ConcentrationGame.swift in Sources */ = {isa = PBXBuildFile; fileRef = 1A65BD05228D9A04004E969B /* ConcentrationGame.swift */; };
		1A65BD08228D9ABF004E969B /* Card.swift in Sources */ = {isa = PBXBuildFile; fileRef = 1A65BD07228D9ABF004E969B /* Card.swift */; };
		1A91150A228EE36000CB5071 /* ConcentrationGameDelegate.swift in Sources */ = {isa = PBXBuildFile; fileRef = 1A911509228EE36000CB5071 /* ConcentrationGameDelegate.swift */; };
/* End PBXBuildFile section */

/* Begin PBXContainerItemProxy section */
		1A65BCEF228D7B5A004E969B /* PBXContainerItemProxy */ = {
			isa = PBXContainerItemProxy;
			containerPortal = 1A65BCD2228D7B58004E969B /* Project object */;
			proxyType = 1;
			remoteGlobalIDString = 1A65BCD9228D7B58004E969B;
			remoteInfo = Concentration;
		};
/* End PBXContainerItemProxy section */

/* Begin PBXFileReference section */
		1A2566822292C27B006E4E02 /* Themes.swift */ = {isa = PBXFileReference; lastKnownFileType = sourcecode.swift; path = Themes.swift; sourceTree = "<group>"; };
		1A65BCDA228D7B58004E969B /* Concentration.app */ = {isa = PBXFileReference; explicitFileType = wrapper.application; includeInIndex = 0; path = Concentration.app; sourceTree = BUILT_PRODUCTS_DIR; };
		1A65BCDD228D7B58004E969B /* AppDelegate.swift */ = {isa = PBXFileReference; lastKnownFileType = sourcecode.swift; path = AppDelegate.swift; sourceTree = "<group>"; };
		1A65BCE2228D7B58004E969B /* Base */ = {isa = PBXFileReference; lastKnownFileType = file.storyboard; name = Base; path = Base.lproj/Main.storyboard; sourceTree = "<group>"; };
		1A65BCE4228D7B59004E969B /* Assets.xcassets */ = {isa = PBXFileReference; lastKnownFileType = folder.assetcatalog; path = Assets.xcassets; sourceTree = "<group>"; };
		1A65BCE7228D7B59004E969B /* Base */ = {isa = PBXFileReference; lastKnownFileType = file.storyboard; name = Base; path = Base.lproj/LaunchScreen.storyboard; sourceTree = "<group>"; };
		1A65BCE9228D7B59004E969B /* Info.plist */ = {isa = PBXFileReference; lastKnownFileType = text.plist.xml; path = Info.plist; sourceTree = "<group>"; };
		1A65BCEE228D7B5A004E969B /* ConcentrationTests.xctest */ = {isa = PBXFileReference; explicitFileType = wrapper.cfbundle; includeInIndex = 0; path = ConcentrationTests.xctest; sourceTree = BUILT_PRODUCTS_DIR; };
		1A65BCF2228D7B5A004E969B /* ConcentrationTests.swift */ = {isa = PBXFileReference; lastKnownFileType = sourcecode.swift; path = ConcentrationTests.swift; sourceTree = "<group>"; };
		1A65BCF4228D7B5A004E969B /* Info.plist */ = {isa = PBXFileReference; lastKnownFileType = text.plist.xml; path = Info.plist; sourceTree = "<group>"; };
		1A65BCFF228D8CCA004E969B /* ConcentrationGameViewController.swift */ = {isa = PBXFileReference; lastKnownFileType = sourcecode.swift; path = ConcentrationGameViewController.swift; sourceTree = "<group>"; };
		1A65BD05228D9A04004E969B /* ConcentrationGame.swift */ = {isa = PBXFileReference; lastKnownFileType = sourcecode.swift; path = ConcentrationGame.swift; sourceTree = "<group>"; };
		1A65BD07228D9ABF004E969B /* Card.swift */ = {isa = PBXFileReference; lastKnownFileType = sourcecode.swift; path = Card.swift; sourceTree = "<group>"; };
		1A911509228EE36000CB5071 /* ConcentrationGameDelegate.swift */ = {isa = PBXFileReference; lastKnownFileType = sourcecode.swift; path = ConcentrationGameDelegate.swift; sourceTree = "<group>"; };
/* End PBXFileReference section */

/* Begin PBXFrameworksBuildPhase section */
		1A65BCD7228D7B58004E969B /* Frameworks */ = {
			isa = PBXFrameworksBuildPhase;
			buildActionMask = 2147483647;
			files = (
			);
			runOnlyForDeploymentPostprocessing = 0;
		};
		1A65BCEB228D7B5A004E969B /* Frameworks */ = {
			isa = PBXFrameworksBuildPhase;
			buildActionMask = 2147483647;
			files = (
			);
			runOnlyForDeploymentPostprocessing = 0;
		};
/* End PBXFrameworksBuildPhase section */

/* Begin PBXGroup section */
		1A2566892292E791006E4E02 /* Utilities */ = {
			isa = PBXGroup;
			children = (
				1A2566822292C27B006E4E02 /* Themes.swift */,
			);
			path = Utilities;
			sourceTree = "<group>";
		};
		1A65BCD1228D7B58004E969B = {
			isa = PBXGroup;
			children = (
				1A65BCDC228D7B58004E969B /* Concentration */,
				1A65BCF1228D7B5A004E969B /* ConcentrationTests */,
				1A65BCDB228D7B58004E969B /* Products */,
			);
			sourceTree = "<group>";
		};
		1A65BCDB228D7B58004E969B /* Products */ = {
			isa = PBXGroup;
			children = (
				1A65BCDA228D7B58004E969B /* Concentration.app */,
				1A65BCEE228D7B5A004E969B /* ConcentrationTests.xctest */,
			);
			name = Products;
			sourceTree = "<group>";
		};
		1A65BCDC228D7B58004E969B /* Concentration */ = {
			isa = PBXGroup;
			children = (
				1A65BCDD228D7B58004E969B /* AppDelegate.swift */,
				1A65BD04228D99DC004E969B /* Models */,
				1A65BCFE228D7FA9004E969B /* Controllers */,
				1A2566892292E791006E4E02 /* Utilities */,
				1A65BCFD228D7F75004E969B /* Storyboards */,
				1A65BCE4228D7B59004E969B /* Assets.xcassets */,
				1A65BCE9228D7B59004E969B /* Info.plist */,
			);
			path = Concentration;
			sourceTree = "<group>";
		};
		1A65BCF1228D7B5A004E969B /* ConcentrationTests */ = {
			isa = PBXGroup;
			children = (
				1A65BCF2228D7B5A004E969B /* ConcentrationTests.swift */,
				1A65BCF4228D7B5A004E969B /* Info.plist */,
			);
			path = ConcentrationTests;
			sourceTree = "<group>";
		};
		1A65BCFD228D7F75004E969B /* Storyboards */ = {
			isa = PBXGroup;
			children = (
				1A65BCE1228D7B58004E969B /* Main.storyboard */,
				1A65BCE6228D7B59004E969B /* LaunchScreen.storyboard */,
			);
			path = Storyboards;
			sourceTree = "<group>";
		};
		1A65BCFE228D7FA9004E969B /* Controllers */ = {
			isa = PBXGroup;
			children = (
				1A65BCFF228D8CCA004E969B /* ConcentrationGameViewController.swift */,
			);
			path = Controllers;
			sourceTree = "<group>";
		};
		1A65BD04228D99DC004E969B /* Models */ = {
			isa = PBXGroup;
			children = (
				1A65BD07228D9ABF004E969B /* Card.swift */,
				1A65BD05228D9A04004E969B /* ConcentrationGame.swift */,
				1A911509228EE36000CB5071 /* ConcentrationGameDelegate.swift */,
			);
			path = Models;
			sourceTree = "<group>";
		};
/* End PBXGroup section */

/* Begin PBXNativeTarget section */
		1A65BCD9228D7B58004E969B /* Concentration */ = {
			isa = PBXNativeTarget;
			buildConfigurationList = 1A65BCF7228D7B5A004E969B /* Build configuration list for PBXNativeTarget "Concentration" */;
			buildPhases = (
				1A65BCD6228D7B58004E969B /* Sources */,
				1A65BCD7228D7B58004E969B /* Frameworks */,
				1A65BCD8228D7B58004E969B /* Resources */,
			);
			buildRules = (
			);
			dependencies = (
			);
			name = Concentration;
			productName = Concentration;
			productReference = 1A65BCDA228D7B58004E969B /* Concentration.app */;
			productType = "com.apple.product-type.application";
		};
		1A65BCED228D7B5A004E969B /* ConcentrationTests */ = {
			isa = PBXNativeTarget;
			buildConfigurationList = 1A65BCFA228D7B5A004E969B /* Build configuration list for PBXNativeTarget "ConcentrationTests" */;
			buildPhases = (
				1A65BCEA228D7B5A004E969B /* Sources */,
				1A65BCEB228D7B5A004E969B /* Frameworks */,
				1A65BCEC228D7B5A004E969B /* Resources */,
			);
			buildRules = (
			);
			dependencies = (
				1A65BCF0228D7B5A004E969B /* PBXTargetDependency */,
			);
			name = ConcentrationTests;
			productName = ConcentrationTests;
			productReference = 1A65BCEE228D7B5A004E969B /* ConcentrationTests.xctest */;
			productType = "com.apple.product-type.bundle.unit-test";
		};
/* End PBXNativeTarget section */

/* Begin PBXProject section */
		1A65BCD2228D7B58004E969B /* Project object */ = {
			isa = PBXProject;
			attributes = {
				LastSwiftUpdateCheck = 1020;
				LastUpgradeCheck = 1020;
				ORGANIZATIONNAME = MentorMate;
				TargetAttributes = {
					1A65BCD9228D7B58004E969B = {
						CreatedOnToolsVersion = 10.2.1;
					};
					1A65BCED228D7B5A004E969B = {
						CreatedOnToolsVersion = 10.2.1;
						TestTargetID = 1A65BCD9228D7B58004E969B;
					};
				};
			};
			buildConfigurationList = 1A65BCD5228D7B58004E969B /* Build configuration list for PBXProject "Concentration" */;
			compatibilityVersion = "Xcode 9.3";
			developmentRegion = en;
			hasScannedForEncodings = 0;
			knownRegions = (
				en,
				Base,
			);
			mainGroup = 1A65BCD1228D7B58004E969B;
			productRefGroup = 1A65BCDB228D7B58004E969B /* Products */;
			projectDirPath = "";
			projectRoot = "";
			targets = (
				1A65BCD9228D7B58004E969B /* Concentration */,
				1A65BCED228D7B5A004E969B /* ConcentrationTests */,
			);
		};
/* End PBXProject section */

/* Begin PBXResourcesBuildPhase section */
		1A65BCD8228D7B58004E969B /* Resources */ = {
			isa = PBXResourcesBuildPhase;
			buildActionMask = 2147483647;
			files = (
				1A65BCE8228D7B59004E969B /* LaunchScreen.storyboard in Resources */,
				1A65BCE5228D7B59004E969B /* Assets.xcassets in Resources */,
				1A65BCE3228D7B58004E969B /* Main.storyboard in Resources */,
			);
			runOnlyForDeploymentPostprocessing = 0;
		};
		1A65BCEC228D7B5A004E969B /* Resources */ = {
			isa = PBXResourcesBuildPhase;
			buildActionMask = 2147483647;
			files = (
			);
			runOnlyForDeploymentPostprocessing = 0;
		};
/* End PBXResourcesBuildPhase section */

/* Begin PBXSourcesBuildPhase section */
		1A65BCD6228D7B58004E969B /* Sources */ = {
			isa = PBXSourcesBuildPhase;
			buildActionMask = 2147483647;
			files = (
				1A65BD06228D9A04004E969B /* ConcentrationGame.swift in Sources */,
				1A2566832292C27B006E4E02 /* Themes.swift in Sources */,
				1A65BD00228D8CCA004E969B /* ConcentrationGameViewController.swift in Sources */,
				1A91150A228EE36000CB5071 /* ConcentrationGameDelegate.swift in Sources */,
				1A65BCDE228D7B58004E969B /* AppDelegate.swift in Sources */,
				1A65BD08228D9ABF004E969B /* Card.swift in Sources */,
			);
			runOnlyForDeploymentPostprocessing = 0;
		};
		1A65BCEA228D7B5A004E969B /* Sources */ = {
			isa = PBXSourcesBuildPhase;
			buildActionMask = 2147483647;
			files = (
				1A65BCF3228D7B5A004E969B /* ConcentrationTests.swift in Sources */,
			);
			runOnlyForDeploymentPostprocessing = 0;
		};
/* End PBXSourcesBuildPhase section */

/* Begin PBXTargetDependency section */
		1A65BCF0228D7B5A004E969B /* PBXTargetDependency */ = {
			isa = PBXTargetDependency;
			target = 1A65BCD9228D7B58004E969B /* Concentration */;
			targetProxy = 1A65BCEF228D7B5A004E969B /* PBXContainerItemProxy */;
		};
/* End PBXTargetDependency section */

/* Begin PBXVariantGroup section */
		1A65BCE1228D7B58004E969B /* Main.storyboard */ = {
			isa = PBXVariantGroup;
			children = (
				1A65BCE2228D7B58004E969B /* Base */,
			);
			name = Main.storyboard;
			sourceTree = "<group>";
		};
		1A65BCE6228D7B59004E969B /* LaunchScreen.storyboard */ = {
			isa = PBXVariantGroup;
			children = (
				1A65BCE7228D7B59004E969B /* Base */,
			);
			name = LaunchScreen.storyboard;
			sourceTree = "<group>";
		};
/* End PBXVariantGroup section */

/* Begin XCBuildConfiguration section */
		1A65BCF5228D7B5A004E969B /* Debug */ = {
			isa = XCBuildConfiguration;
			buildSettings = {
				ALWAYS_SEARCH_USER_PATHS = NO;
				CLANG_ANALYZER_NONNULL = YES;
				CLANG_ANALYZER_NUMBER_OBJECT_CONVERSION = YES_AGGRESSIVE;
				CLANG_CXX_LANGUAGE_STANDARD = "gnu++14";
				CLANG_CXX_LIBRARY = "libc++";
				CLANG_ENABLE_MODULES = YES;
				CLANG_ENABLE_OBJC_ARC = YES;
				CLANG_ENABLE_OBJC_WEAK = YES;
				CLANG_WARN_BLOCK_CAPTURE_AUTORELEASING = YES;
				CLANG_WARN_BOOL_CONVERSION = YES;
				CLANG_WARN_COMMA = YES;
				CLANG_WARN_CONSTANT_CONVERSION = YES;
				CLANG_WARN_DEPRECATED_OBJC_IMPLEMENTATIONS = YES;
				CLANG_WARN_DIRECT_OBJC_ISA_USAGE = YES_ERROR;
				CLANG_WARN_DOCUMENTATION_COMMENTS = YES;
				CLANG_WARN_EMPTY_BODY = YES;
				CLANG_WARN_ENUM_CONVERSION = YES;
				CLANG_WARN_INFINITE_RECURSION = YES;
				CLANG_WARN_INT_CONVERSION = YES;
				CLANG_WARN_NON_LITERAL_NULL_CONVERSION = YES;
				CLANG_WARN_OBJC_IMPLICIT_RETAIN_SELF = YES;
				CLANG_WARN_OBJC_LITERAL_CONVERSION = YES;
				CLANG_WARN_OBJC_ROOT_CLASS = YES_ERROR;
				CLANG_WARN_RANGE_LOOP_ANALYSIS = YES;
				CLANG_WARN_STRICT_PROTOTYPES = YES;
				CLANG_WARN_SUSPICIOUS_MOVE = YES;
				CLANG_WARN_UNGUARDED_AVAILABILITY = YES_AGGRESSIVE;
				CLANG_WARN_UNREACHABLE_CODE = YES;
				CLANG_WARN__DUPLICATE_METHOD_MATCH = YES;
				CODE_SIGN_IDENTITY = "iPhone Developer";
				COPY_PHASE_STRIP = NO;
				DEBUG_INFORMATION_FORMAT = dwarf;
				ENABLE_STRICT_OBJC_MSGSEND = YES;
				ENABLE_TESTABILITY = YES;
				GCC_C_LANGUAGE_STANDARD = gnu11;
				GCC_DYNAMIC_NO_PIC = NO;
				GCC_NO_COMMON_BLOCKS = YES;
				GCC_OPTIMIZATION_LEVEL = 0;
				GCC_PREPROCESSOR_DEFINITIONS = (
					"DEBUG=1",
					"$(inherited)",
				);
				GCC_WARN_64_TO_32_BIT_CONVERSION = YES;
				GCC_WARN_ABOUT_RETURN_TYPE = YES_ERROR;
				GCC_WARN_UNDECLARED_SELECTOR = YES;
				GCC_WARN_UNINITIALIZED_AUTOS = YES_AGGRESSIVE;
				GCC_WARN_UNUSED_FUNCTION = YES;
				GCC_WARN_UNUSED_VARIABLE = YES;
				IPHONEOS_DEPLOYMENT_TARGET = 12.2;
				MTL_ENABLE_DEBUG_INFO = INCLUDE_SOURCE;
				MTL_FAST_MATH = YES;
				ONLY_ACTIVE_ARCH = YES;
				SDKROOT = iphoneos;
				SWIFT_ACTIVE_COMPILATION_CONDITIONS = DEBUG;
				SWIFT_OPTIMIZATION_LEVEL = "-Onone";
			};
			name = Debug;
		};
		1A65BCF6228D7B5A004E969B /* Release */ = {
			isa = XCBuildConfiguration;
			buildSettings = {
				ALWAYS_SEARCH_USER_PATHS = NO;
				CLANG_ANALYZER_NONNULL = YES;
				CLANG_ANALYZER_NUMBER_OBJECT_CONVERSION = YES_AGGRESSIVE;
				CLANG_CXX_LANGUAGE_STANDARD = "gnu++14";
				CLANG_CXX_LIBRARY = "libc++";
				CLANG_ENABLE_MODULES = YES;
				CLANG_ENABLE_OBJC_ARC = YES;
				CLANG_ENABLE_OBJC_WEAK = YES;
				CLANG_WARN_BLOCK_CAPTURE_AUTORELEASING = YES;
				CLANG_WARN_BOOL_CONVERSION = YES;
				CLANG_WARN_COMMA = YES;
				CLANG_WARN_CONSTANT_CONVERSION = YES;
				CLANG_WARN_DEPRECATED_OBJC_IMPLEMENTATIONS = YES;
				CLANG_WARN_DIRECT_OBJC_ISA_USAGE = YES_ERROR;
				CLANG_WARN_DOCUMENTATION_COMMENTS = YES;
				CLANG_WARN_EMPTY_BODY = YES;
				CLANG_WARN_ENUM_CONVERSION = YES;
				CLANG_WARN_INFINITE_RECURSION = YES;
				CLANG_WARN_INT_CONVERSION = YES;
				CLANG_WARN_NON_LITERAL_NULL_CONVERSION = YES;
				CLANG_WARN_OBJC_IMPLICIT_RETAIN_SELF = YES;
				CLANG_WARN_OBJC_LITERAL_CONVERSION = YES;
				CLANG_WARN_OBJC_ROOT_CLASS = YES_ERROR;
				CLANG_WARN_RANGE_LOOP_ANALYSIS = YES;
				CLANG_WARN_STRICT_PROTOTYPES = YES;
				CLANG_WARN_SUSPICIOUS_MOVE = YES;
				CLANG_WARN_UNGUARDED_AVAILABILITY = YES_AGGRESSIVE;
				CLANG_WARN_UNREACHABLE_CODE = YES;
				CLANG_WARN__DUPLICATE_METHOD_MATCH = YES;
				CODE_SIGN_IDENTITY = "iPhone Developer";
				COPY_PHASE_STRIP = NO;
				DEBUG_INFORMATION_FORMAT = "dwarf-with-dsym";
				ENABLE_NS_ASSERTIONS = NO;
				ENABLE_STRICT_OBJC_MSGSEND = YES;
				GCC_C_LANGUAGE_STANDARD = gnu11;
				GCC_NO_COMMON_BLOCKS = YES;
				GCC_WARN_64_TO_32_BIT_CONVERSION = YES;
				GCC_WARN_ABOUT_RETURN_TYPE = YES_ERROR;
				GCC_WARN_UNDECLARED_SELECTOR = YES;
				GCC_WARN_UNINITIALIZED_AUTOS = YES_AGGRESSIVE;
				GCC_WARN_UNUSED_FUNCTION = YES;
				GCC_WARN_UNUSED_VARIABLE = YES;
				IPHONEOS_DEPLOYMENT_TARGET = 12.2;
				MTL_ENABLE_DEBUG_INFO = NO;
				MTL_FAST_MATH = YES;
				SDKROOT = iphoneos;
				SWIFT_COMPILATION_MODE = wholemodule;
				SWIFT_OPTIMIZATION_LEVEL = "-O";
				VALIDATE_PRODUCT = YES;
			};
			name = Release;
		};
		1A65BCF8228D7B5A004E969B /* Debug */ = {
			isa = XCBuildConfiguration;
			buildSettings = {
				ASSETCATALOG_COMPILER_APPICON_NAME = AppIcon;
				CODE_SIGN_STYLE = Automatic;
				INFOPLIST_FILE = Concentration/Info.plist;
				LD_RUNPATH_SEARCH_PATHS = (
					"$(inherited)",
					"@executable_path/Frameworks",
				);
				PRODUCT_BUNDLE_IDENTIFIER = MM.Concentration;
				PRODUCT_NAME = "$(TARGET_NAME)";
				SWIFT_VERSION = 5.0;
				TARGETED_DEVICE_FAMILY = "1,2";
			};
			name = Debug;
		};
		1A65BCF9228D7B5A004E969B /* Release */ = {
			isa = XCBuildConfiguration;
			buildSettings = {
				ASSETCATALOG_COMPILER_APPICON_NAME = AppIcon;
				CODE_SIGN_STYLE = Automatic;
				INFOPLIST_FILE = Concentration/Info.plist;
				LD_RUNPATH_SEARCH_PATHS = (
					"$(inherited)",
					"@executable_path/Frameworks",
				);
				PRODUCT_BUNDLE_IDENTIFIER = MM.Concentration;
				PRODUCT_NAME = "$(TARGET_NAME)";
				SWIFT_VERSION = 5.0;
				TARGETED_DEVICE_FAMILY = "1,2";
			};
			name = Release;
		};
		1A65BCFB228D7B5A004E969B /* Debug */ = {
			isa = XCBuildConfiguration;
			buildSettings = {
				ALWAYS_EMBED_SWIFT_STANDARD_LIBRARIES = YES;
				BUNDLE_LOADER = "$(TEST_HOST)";
				CODE_SIGN_STYLE = Automatic;
				INFOPLIST_FILE = ConcentrationTests/Info.plist;
				LD_RUNPATH_SEARCH_PATHS = (
					"$(inherited)",
					"@executable_path/Frameworks",
					"@loader_path/Frameworks",
				);
				PRODUCT_BUNDLE_IDENTIFIER = MM.ConcentrationTests;
				PRODUCT_NAME = "$(TARGET_NAME)";
				SWIFT_VERSION = 5.0;
				TARGETED_DEVICE_FAMILY = "1,2";
				TEST_HOST = "$(BUILT_PRODUCTS_DIR)/Concentration.app/Concentration";
			};
			name = Debug;
		};
		1A65BCFC228D7B5A004E969B /* Release */ = {
			isa = XCBuildConfiguration;
			buildSettings = {
				ALWAYS_EMBED_SWIFT_STANDARD_LIBRARIES = YES;
				BUNDLE_LOADER = "$(TEST_HOST)";
				CODE_SIGN_STYLE = Automatic;
				INFOPLIST_FILE = ConcentrationTests/Info.plist;
				LD_RUNPATH_SEARCH_PATHS = (
					"$(inherited)",
					"@executable_path/Frameworks",
					"@loader_path/Frameworks",
				);
				PRODUCT_BUNDLE_IDENTIFIER = MM.ConcentrationTests;
				PRODUCT_NAME = "$(TARGET_NAME)";
				SWIFT_VERSION = 5.0;
				TARGETED_DEVICE_FAMILY = "1,2";
				TEST_HOST = "$(BUILT_PRODUCTS_DIR)/Concentration.app/Concentration";
			};
			name = Release;
		};
/* End XCBuildConfiguration section */

/* Begin XCConfigurationList section */
		1A65BCD5228D7B58004E969B /* Build configuration list for PBXProject "Concentration" */ = {
			isa = XCConfigurationList;
			buildConfigurations = (
				1A65BCF5228D7B5A004E969B /* Debug */,
				1A65BCF6228D7B5A004E969B /* Release */,
			);
			defaultConfigurationIsVisible = 0;
			defaultConfigurationName = Release;
		};
		1A65BCF7228D7B5A004E969B /* Build configuration list for PBXNativeTarget "Concentration" */ = {
			isa = XCConfigurationList;
			buildConfigurations = (
				1A65BCF8228D7B5A004E969B /* Debug */,
				1A65BCF9228D7B5A004E969B /* Release */,
			);
			defaultConfigurationIsVisible = 0;
			defaultConfigurationName = Release;
		};
		1A65BCFA228D7B5A004E969B /* Build configuration list for PBXNativeTarget "ConcentrationTests" */ = {
			isa = XCConfigurationList;
			buildConfigurations = (
				1A65BCFB228D7B5A004E969B /* Debug */,
				1A65BCFC228D7B5A004E969B /* Release */,
			);
			defaultConfigurationIsVisible = 0;
			defaultConfigurationName = Release;
		};
/* End XCConfigurationList section */
	};
	rootObject = 1A65BCD2228D7B58004E969B /* Project object */;
}
